// !$*UTF8*$!
{
	archiveVersion = 1;
	classes = {
	};
	objectVersion = 46;
	objects = {

/* Begin PBXBuildFile section */
		3F83C5EC18E4DE3100EB5346 /* Foundation.framework in Frameworks */ = {isa = PBXBuildFile; fileRef = 3F83C5EB18E4DE3100EB5346 /* Foundation.framework */; };
		3F83C5EE18E4DE3100EB5346 /* CoreGraphics.framework in Frameworks */ = {isa = PBXBuildFile; fileRef = 3F83C5ED18E4DE3100EB5346 /* CoreGraphics.framework */; };
		3F83C5F018E4DE3100EB5346 /* UIKit.framework in Frameworks */ = {isa = PBXBuildFile; fileRef = 3F83C5EF18E4DE3100EB5346 /* UIKit.framework */; };
		3F83C5F618E4DE3100EB5346 /* InfoPlist.strings in Resources */ = {isa = PBXBuildFile; fileRef = 3F83C5F418E4DE3100EB5346 /* InfoPlist.strings */; };
		3F83C5F818E4DE3100EB5346 /* main.m in Sources */ = {isa = PBXBuildFile; fileRef = 3F83C5F718E4DE3100EB5346 /* main.m */; };
		3F83C5FC18E4DE3100EB5346 /* AppDelegate.m in Sources */ = {isa = PBXBuildFile; fileRef = 3F83C5FB18E4DE3100EB5346 /* AppDelegate.m */; };
		3F83C5FE18E4DE3100EB5346 /* Images.xcassets in Resources */ = {isa = PBXBuildFile; fileRef = 3F83C5FD18E4DE3100EB5346 /* Images.xcassets */; };
		3F83C60518E4DE3100EB5346 /* XCTest.framework in Frameworks */ = {isa = PBXBuildFile; fileRef = 3F83C60418E4DE3100EB5346 /* XCTest.framework */; };
		3F83C60618E4DE3100EB5346 /* Foundation.framework in Frameworks */ = {isa = PBXBuildFile; fileRef = 3F83C5EB18E4DE3100EB5346 /* Foundation.framework */; };
		3F83C60718E4DE3100EB5346 /* UIKit.framework in Frameworks */ = {isa = PBXBuildFile; fileRef = 3F83C5EF18E4DE3100EB5346 /* UIKit.framework */; };
		3F83C60F18E4DE3100EB5346 /* InfoPlist.strings in Resources */ = {isa = PBXBuildFile; fileRef = 3F83C60D18E4DE3100EB5346 /* InfoPlist.strings */; };
		3F83C61118E4DE3100EB5346 /* TweaksBuildConfigurationsDemoTests.m in Sources */ = {isa = PBXBuildFile; fileRef = 3F83C61018E4DE3100EB5346 /* TweaksBuildConfigurationsDemoTests.m */; };
		C6D59B4A18334CF49AF5D426 /* libPods-TweaksBuildConfigurationsDemo.a in Frameworks */ = {isa = PBXBuildFile; fileRef = 1DD2120D7564455798FEFB45 /* libPods-TweaksBuildConfigurationsDemo.a */; };
/* End PBXBuildFile section */

/* Begin PBXContainerItemProxy section */
		3F83C60818E4DE3100EB5346 /* PBXContainerItemProxy */ = {
			isa = PBXContainerItemProxy;
			containerPortal = 3F83C5E018E4DE3100EB5346 /* Project object */;
			proxyType = 1;
			remoteGlobalIDString = 3F83C5E718E4DE3100EB5346;
			remoteInfo = TweaksBuildConfigurationsDemo;
		};
/* End PBXContainerItemProxy section */

/* Begin PBXFileReference section */
		1DD2120D7564455798FEFB45 /* libPods-TweaksBuildConfigurationsDemo.a */ = {isa = PBXFileReference; explicitFileType = archive.ar; includeInIndex = 0; path = "libPods-TweaksBuildConfigurationsDemo.a"; sourceTree = BUILT_PRODUCTS_DIR; };
		3F83C5E818E4DE3100EB5346 /* TweaksBuildConfigurationsDemo.app */ = {isa = PBXFileReference; explicitFileType = wrapper.application; includeInIndex = 0; path = TweaksBuildConfigurationsDemo.app; sourceTree = BUILT_PRODUCTS_DIR; };
		3F83C5EB18E4DE3100EB5346 /* Foundation.framework */ = {isa = PBXFileReference; lastKnownFileType = wrapper.framework; name = Foundation.framework; path = System/Library/Frameworks/Foundation.framework; sourceTree = SDKROOT; };
		3F83C5ED18E4DE3100EB5346 /* CoreGraphics.framework */ = {isa = PBXFileReference; lastKnownFileType = wrapper.framework; name = CoreGraphics.framework; path = System/Library/Frameworks/CoreGraphics.framework; sourceTree = SDKROOT; };
		3F83C5EF18E4DE3100EB5346 /* UIKit.framework */ = {isa = PBXFileReference; lastKnownFileType = wrapper.framework; name = UIKit.framework; path = System/Library/Frameworks/UIKit.framework; sourceTree = SDKROOT; };
		3F83C5F318E4DE3100EB5346 /* TweaksBuildConfigurationsDemo-Info.plist */ = {isa = PBXFileReference; lastKnownFileType = text.plist.xml; path = "TweaksBuildConfigurationsDemo-Info.plist"; sourceTree = "<group>"; };
		3F83C5F518E4DE3100EB5346 /* en */ = {isa = PBXFileReference; lastKnownFileType = text.plist.strings; name = en; path = en.lproj/InfoPlist.strings; sourceTree = "<group>"; };
		3F83C5F718E4DE3100EB5346 /* main.m */ = {isa = PBXFileReference; lastKnownFileType = sourcecode.c.objc; path = main.m; sourceTree = "<group>"; };
		3F83C5F918E4DE3100EB5346 /* TweaksBuildConfigurationsDemo-Prefix.pch */ = {isa = PBXFileReference; lastKnownFileType = sourcecode.c.h; path = "TweaksBuildConfigurationsDemo-Prefix.pch"; sourceTree = "<group>"; };
		3F83C5FA18E4DE3100EB5346 /* AppDelegate.h */ = {isa = PBXFileReference; lastKnownFileType = sourcecode.c.h; path = AppDelegate.h; sourceTree = "<group>"; };
		3F83C5FB18E4DE3100EB5346 /* AppDelegate.m */ = {isa = PBXFileReference; lastKnownFileType = sourcecode.c.objc; path = AppDelegate.m; sourceTree = "<group>"; };
		3F83C5FD18E4DE3100EB5346 /* Images.xcassets */ = {isa = PBXFileReference; lastKnownFileType = folder.assetcatalog; path = Images.xcassets; sourceTree = "<group>"; };
		3F83C60318E4DE3100EB5346 /* TweaksBuildConfigurationsDemoTests.xctest */ = {isa = PBXFileReference; explicitFileType = wrapper.cfbundle; includeInIndex = 0; path = TweaksBuildConfigurationsDemoTests.xctest; sourceTree = BUILT_PRODUCTS_DIR; };
		3F83C60418E4DE3100EB5346 /* XCTest.framework */ = {isa = PBXFileReference; lastKnownFileType = wrapper.framework; name = XCTest.framework; path = Library/Frameworks/XCTest.framework; sourceTree = DEVELOPER_DIR; };
		3F83C60C18E4DE3100EB5346 /* TweaksBuildConfigurationsDemoTests-Info.plist */ = {isa = PBXFileReference; lastKnownFileType = text.plist.xml; path = "TweaksBuildConfigurationsDemoTests-Info.plist"; sourceTree = "<group>"; };
		3F83C60E18E4DE3100EB5346 /* en */ = {isa = PBXFileReference; lastKnownFileType = text.plist.strings; name = en; path = en.lproj/InfoPlist.strings; sourceTree = "<group>"; };
		3F83C61018E4DE3100EB5346 /* TweaksBuildConfigurationsDemoTests.m */ = {isa = PBXFileReference; lastKnownFileType = sourcecode.c.objc; path = TweaksBuildConfigurationsDemoTests.m; sourceTree = "<group>"; };
		5001213B4A394B5DA6B6DE6B /* Pods-TweaksBuildConfigurationsDemo.xcconfig */ = {isa = PBXFileReference; includeInIndex = 1; lastKnownFileType = text.xcconfig; name = "Pods-TweaksBuildConfigurationsDemo.xcconfig"; path = "Pods/Pods-TweaksBuildConfigurationsDemo.xcconfig"; sourceTree = "<group>"; };
/* End PBXFileReference section */

/* Begin PBXFrameworksBuildPhase section */
		3F83C5E518E4DE3100EB5346 /* Frameworks */ = {
			isa = PBXFrameworksBuildPhase;
			buildActionMask = 2147483647;
			files = (
				3F83C5EE18E4DE3100EB5346 /* CoreGraphics.framework in Frameworks */,
				3F83C5F018E4DE3100EB5346 /* UIKit.framework in Frameworks */,
				3F83C5EC18E4DE3100EB5346 /* Foundation.framework in Frameworks */,
				C6D59B4A18334CF49AF5D426 /* libPods-TweaksBuildConfigurationsDemo.a in Frameworks */,
			);
			runOnlyForDeploymentPostprocessing = 0;
		};
		3F83C60018E4DE3100EB5346 /* Frameworks */ = {
			isa = PBXFrameworksBuildPhase;
			buildActionMask = 2147483647;
			files = (
				3F83C60518E4DE3100EB5346 /* XCTest.framework in Frameworks */,
				3F83C60718E4DE3100EB5346 /* UIKit.framework in Frameworks */,
				3F83C60618E4DE3100EB5346 /* Foundation.framework in Frameworks */,
			);
			runOnlyForDeploymentPostprocessing = 0;
		};
/* End PBXFrameworksBuildPhase section */

/* Begin PBXGroup section */
		3F83C5DF18E4DE3100EB5346 = {
			isa = PBXGroup;
			children = (
				3F83C5F118E4DE3100EB5346 /* TweaksBuildConfigurationsDemo */,
				3F83C60A18E4DE3100EB5346 /* TweaksBuildConfigurationsDemoTests */,
				3F83C5EA18E4DE3100EB5346 /* Frameworks */,
				3F83C5E918E4DE3100EB5346 /* Products */,
				5001213B4A394B5DA6B6DE6B /* Pods-TweaksBuildConfigurationsDemo.xcconfig */,
			);
			sourceTree = "<group>";
		};
		3F83C5E918E4DE3100EB5346 /* Products */ = {
			isa = PBXGroup;
			children = (
				3F83C5E818E4DE3100EB5346 /* TweaksBuildConfigurationsDemo.app */,
				3F83C60318E4DE3100EB5346 /* TweaksBuildConfigurationsDemoTests.xctest */,
			);
			name = Products;
			sourceTree = "<group>";
		};
		3F83C5EA18E4DE3100EB5346 /* Frameworks */ = {
			isa = PBXGroup;
			children = (
				3F83C5EB18E4DE3100EB5346 /* Foundation.framework */,
				3F83C5ED18E4DE3100EB5346 /* CoreGraphics.framework */,
				3F83C5EF18E4DE3100EB5346 /* UIKit.framework */,
				3F83C60418E4DE3100EB5346 /* XCTest.framework */,
				1DD2120D7564455798FEFB45 /* libPods-TweaksBuildConfigurationsDemo.a */,
			);
			name = Frameworks;
			sourceTree = "<group>";
		};
		3F83C5F118E4DE3100EB5346 /* TweaksBuildConfigurationsDemo */ = {
			isa = PBXGroup;
			children = (
				3F83C5FA18E4DE3100EB5346 /* AppDelegate.h */,
				3F83C5FB18E4DE3100EB5346 /* AppDelegate.m */,
				3F83C5FD18E4DE3100EB5346 /* Images.xcassets */,
				3F83C5F218E4DE3100EB5346 /* Supporting Files */,
			);
			path = TweaksBuildConfigurationsDemo;
			sourceTree = "<group>";
		};
		3F83C5F218E4DE3100EB5346 /* Supporting Files */ = {
			isa = PBXGroup;
			children = (
				3F83C5F318E4DE3100EB5346 /* TweaksBuildConfigurationsDemo-Info.plist */,
				3F83C5F418E4DE3100EB5346 /* InfoPlist.strings */,
				3F83C5F718E4DE3100EB5346 /* main.m */,
				3F83C5F918E4DE3100EB5346 /* TweaksBuildConfigurationsDemo-Prefix.pch */,
			);
			name = "Supporting Files";
			sourceTree = "<group>";
		};
		3F83C60A18E4DE3100EB5346 /* TweaksBuildConfigurationsDemoTests */ = {
			isa = PBXGroup;
			children = (
				3F83C61018E4DE3100EB5346 /* TweaksBuildConfigurationsDemoTests.m */,
				3F83C60B18E4DE3100EB5346 /* Supporting Files */,
			);
			path = TweaksBuildConfigurationsDemoTests;
			sourceTree = "<group>";
		};
		3F83C60B18E4DE3100EB5346 /* Supporting Files */ = {
			isa = PBXGroup;
			children = (
				3F83C60C18E4DE3100EB5346 /* TweaksBuildConfigurationsDemoTests-Info.plist */,
				3F83C60D18E4DE3100EB5346 /* InfoPlist.strings */,
			);
			name = "Supporting Files";
			sourceTree = "<group>";
		};
/* End PBXGroup section */

/* Begin PBXNativeTarget section */
		3F83C5E718E4DE3100EB5346 /* TweaksBuildConfigurationsDemo */ = {
			isa = PBXNativeTarget;
			buildConfigurationList = 3F83C61418E4DE3100EB5346 /* Build configuration list for PBXNativeTarget "TweaksBuildConfigurationsDemo" */;
			buildPhases = (
				65BA7D6A288B423097115850 /* Check Pods Manifest.lock */,
				3F83C5E418E4DE3100EB5346 /* Sources */,
				3F83C5E518E4DE3100EB5346 /* Frameworks */,
				3F83C5E618E4DE3100EB5346 /* Resources */,
				5C7437CD2E754AA2A0E1263B /* Copy Pods Resources */,
			);
			buildRules = (
			);
			dependencies = (
			);
			name = TweaksBuildConfigurationsDemo;
			productName = TweaksBuildConfigurationsDemo;
			productReference = 3F83C5E818E4DE3100EB5346 /* TweaksBuildConfigurationsDemo.app */;
			productType = "com.apple.product-type.application";
		};
		3F83C60218E4DE3100EB5346 /* TweaksBuildConfigurationsDemoTests */ = {
			isa = PBXNativeTarget;
			buildConfigurationList = 3F83C61718E4DE3100EB5346 /* Build configuration list for PBXNativeTarget "TweaksBuildConfigurationsDemoTests" */;
			buildPhases = (
				3F83C5FF18E4DE3100EB5346 /* Sources */,
				3F83C60018E4DE3100EB5346 /* Frameworks */,
				3F83C60118E4DE3100EB5346 /* Resources */,
			);
			buildRules = (
			);
			dependencies = (
				3F83C60918E4DE3100EB5346 /* PBXTargetDependency */,
			);
			name = TweaksBuildConfigurationsDemoTests;
			productName = TweaksBuildConfigurationsDemoTests;
			productReference = 3F83C60318E4DE3100EB5346 /* TweaksBuildConfigurationsDemoTests.xctest */;
			productType = "com.apple.product-type.bundle.unit-test";
		};
/* End PBXNativeTarget section */

/* Begin PBXProject section */
		3F83C5E018E4DE3100EB5346 /* Project object */ = {
			isa = PBXProject;
			attributes = {
				LastUpgradeCheck = 0510;
				ORGANIZATIONNAME = mokagio;
				TargetAttributes = {
					3F83C60218E4DE3100EB5346 = {
						TestTargetID = 3F83C5E718E4DE3100EB5346;
					};
				};
			};
			buildConfigurationList = 3F83C5E318E4DE3100EB5346 /* Build configuration list for PBXProject "TweaksBuildConfigurationsDemo" */;
			compatibilityVersion = "Xcode 3.2";
			developmentRegion = English;
			hasScannedForEncodings = 0;
			knownRegions = (
				en,
			);
			mainGroup = 3F83C5DF18E4DE3100EB5346;
			productRefGroup = 3F83C5E918E4DE3100EB5346 /* Products */;
			projectDirPath = "";
			projectRoot = "";
			targets = (
				3F83C5E718E4DE3100EB5346 /* TweaksBuildConfigurationsDemo */,
				3F83C60218E4DE3100EB5346 /* TweaksBuildConfigurationsDemoTests */,
			);
		};
/* End PBXProject section */

/* Begin PBXResourcesBuildPhase section */
		3F83C5E618E4DE3100EB5346 /* Resources */ = {
			isa = PBXResourcesBuildPhase;
			buildActionMask = 2147483647;
			files = (
				3F83C5F618E4DE3100EB5346 /* InfoPlist.strings in Resources */,
				3F83C5FE18E4DE3100EB5346 /* Images.xcassets in Resources */,
			);
			runOnlyForDeploymentPostprocessing = 0;
		};
		3F83C60118E4DE3100EB5346 /* Resources */ = {
			isa = PBXResourcesBuildPhase;
			buildActionMask = 2147483647;
			files = (
				3F83C60F18E4DE3100EB5346 /* InfoPlist.strings in Resources */,
			);
			runOnlyForDeploymentPostprocessing = 0;
		};
/* End PBXResourcesBuildPhase section */

/* Begin PBXShellScriptBuildPhase section */
		5C7437CD2E754AA2A0E1263B /* Copy Pods Resources */ = {
			isa = PBXShellScriptBuildPhase;
			buildActionMask = 2147483647;
			files = (
			);
			inputPaths = (
			);
			name = "Copy Pods Resources";
			outputPaths = (
			);
			runOnlyForDeploymentPostprocessing = 0;
			shellPath = /bin/sh;
			shellScript = "\"${SRCROOT}/Pods/Pods-TweaksBuildConfigurationsDemo-resources.sh\"\n";
			showEnvVarsInLog = 0;
		};
		65BA7D6A288B423097115850 /* Check Pods Manifest.lock */ = {
			isa = PBXShellScriptBuildPhase;
			buildActionMask = 2147483647;
			files = (
			);
			inputPaths = (
			);
			name = "Check Pods Manifest.lock";
			outputPaths = (
			);
			runOnlyForDeploymentPostprocessing = 0;
			shellPath = /bin/sh;
			shellScript = "diff \"${PODS_ROOT}/../Podfile.lock\" \"${PODS_ROOT}/Manifest.lock\" > /dev/null\nif [[ $? != 0 ]] ; then\n    cat << EOM\nerror: The sandbox is not in sync with the Podfile.lock. Run 'pod install' or update your CocoaPods installation.\nEOM\n    exit 1\nfi\n";
			showEnvVarsInLog = 0;
		};
/* End PBXShellScriptBuildPhase section */

/* Begin PBXSourcesBuildPhase section */
		3F83C5E418E4DE3100EB5346 /* Sources */ = {
			isa = PBXSourcesBuildPhase;
			buildActionMask = 2147483647;
			files = (
				3F83C5FC18E4DE3100EB5346 /* AppDelegate.m in Sources */,
				3F83C5F818E4DE3100EB5346 /* main.m in Sources */,
			);
			runOnlyForDeploymentPostprocessing = 0;
		};
		3F83C5FF18E4DE3100EB5346 /* Sources */ = {
			isa = PBXSourcesBuildPhase;
			buildActionMask = 2147483647;
			files = (
				3F83C61118E4DE3100EB5346 /* TweaksBuildConfigurationsDemoTests.m in Sources */,
			);
			runOnlyForDeploymentPostprocessing = 0;
		};
/* End PBXSourcesBuildPhase section */

/* Begin PBXTargetDependency section */
		3F83C60918E4DE3100EB5346 /* PBXTargetDependency */ = {
			isa = PBXTargetDependency;
			target = 3F83C5E718E4DE3100EB5346 /* TweaksBuildConfigurationsDemo */;
			targetProxy = 3F83C60818E4DE3100EB5346 /* PBXContainerItemProxy */;
		};
/* End PBXTargetDependency section */

/* Begin PBXVariantGroup section */
		3F83C5F418E4DE3100EB5346 /* InfoPlist.strings */ = {
			isa = PBXVariantGroup;
			children = (
				3F83C5F518E4DE3100EB5346 /* en */,
			);
			name = InfoPlist.strings;
			sourceTree = "<group>";
		};
		3F83C60D18E4DE3100EB5346 /* InfoPlist.strings */ = {
			isa = PBXVariantGroup;
			children = (
				3F83C60E18E4DE3100EB5346 /* en */,
			);
			name = InfoPlist.strings;
			sourceTree = "<group>";
		};
/* End PBXVariantGroup section */

/* Begin XCBuildConfiguration section */
		3F27756B18E4E09F001B598E /* Beta */ = {
			isa = XCBuildConfiguration;
			buildSettings = {
				ALWAYS_SEARCH_USER_PATHS = NO;
				CLANG_CXX_LANGUAGE_STANDARD = "gnu++0x";
				CLANG_CXX_LIBRARY = "libc++";
				CLANG_ENABLE_MODULES = YES;
				CLANG_ENABLE_OBJC_ARC = YES;
				CLANG_WARN_BOOL_CONVERSION = YES;
				CLANG_WARN_CONSTANT_CONVERSION = YES;
				CLANG_WARN_DIRECT_OBJC_ISA_USAGE = YES_ERROR;
				CLANG_WARN_EMPTY_BODY = YES;
				CLANG_WARN_ENUM_CONVERSION = YES;
				CLANG_WARN_INT_CONVERSION = YES;
				CLANG_WARN_OBJC_ROOT_CLASS = YES_ERROR;
				CLANG_WARN__DUPLICATE_METHOD_MATCH = YES;
				"CODE_SIGN_IDENTITY[sdk=iphoneos*]" = "iPhone Developer";
				COPY_PHASE_STRIP = NO;
				GCC_C_LANGUAGE_STANDARD = gnu99;
				GCC_DYNAMIC_NO_PIC = NO;
				GCC_OPTIMIZATION_LEVEL = 0;
				GCC_PREPROCESSOR_DEFINITIONS = (
					"DEBUG=1",
					"$(inherited)",
				);
				GCC_SYMBOLS_PRIVATE_EXTERN = NO;
				GCC_WARN_64_TO_32_BIT_CONVERSION = YES;
				GCC_WARN_ABOUT_RETURN_TYPE = YES_ERROR;
				GCC_WARN_UNDECLARED_SELECTOR = YES;
				GCC_WARN_UNINITIALIZED_AUTOS = YES_AGGRESSIVE;
				GCC_WARN_UNUSED_FUNCTION = YES;
				GCC_WARN_UNUSED_VARIABLE = YES;
				IPHONEOS_DEPLOYMENT_TARGET = 7.1;
				ONLY_ACTIVE_ARCH = YES;
				SDKROOT = iphoneos;
				TARGETED_DEVICE_FAMILY = "1,2";
			};
			name = Beta;
		};
		3F27756C18E4E09F001B598E /* Beta */ = {
			isa = XCBuildConfiguration;
			baseConfigurationReference = 5001213B4A394B5DA6B6DE6B /* Pods-TweaksBuildConfigurationsDemo.xcconfig */;
			buildSettings = {
				ASSETCATALOG_COMPILER_APPICON_NAME = AppIcon;
				ASSETCATALOG_COMPILER_LAUNCHIMAGE_NAME = LaunchImage;
				GCC_PRECOMPILE_PREFIX_HEADER = YES;
				GCC_PREFIX_HEADER = "TweaksBuildConfigurationsDemo/TweaksBuildConfigurationsDemo-Prefix.pch";
				INFOPLIST_FILE = "TweaksBuildConfigurationsDemo/TweaksBuildConfigurationsDemo-Info.plist";
				PRODUCT_NAME = "$(TARGET_NAME)";
				WRAPPER_EXTENSION = app;
			};
			name = Beta;
		};
		3F27756D18E4E09F001B598E /* Beta */ = {
			isa = XCBuildConfiguration;
			buildSettings = {
				BUNDLE_LOADER = "$(BUILT_PRODUCTS_DIR)/TweaksBuildConfigurationsDemo.app/TweaksBuildConfigurationsDemo";
				FRAMEWORK_SEARCH_PATHS = (
					"$(SDKROOT)/Developer/Library/Frameworks",
					"$(inherited)",
					"$(DEVELOPER_FRAMEWORKS_DIR)",
				);
				GCC_PRECOMPILE_PREFIX_HEADER = YES;
				GCC_PREFIX_HEADER = "TweaksBuildConfigurationsDemo/TweaksBuildConfigurationsDemo-Prefix.pch";
				GCC_PREPROCESSOR_DEFINITIONS = (
					"DEBUG=1",
					"$(inherited)",
				);
				INFOPLIST_FILE = "TweaksBuildConfigurationsDemoTests/TweaksBuildConfigurationsDemoTests-Info.plist";
				PRODUCT_NAME = "$(TARGET_NAME)";
				TEST_HOST = "$(BUNDLE_LOADER)";
				WRAPPER_EXTENSION = xctest;
			};
			name = Beta;
		};
		3F83C61218E4DE3100EB5346 /* Debug */ = {
			isa = XCBuildConfiguration;
			buildSettings = {
				ALWAYS_SEARCH_USER_PATHS = NO;
				CLANG_CXX_LANGUAGE_STANDARD = "gnu++0x";
				CLANG_CXX_LIBRARY = "libc++";
				CLANG_ENABLE_MODULES = YES;
				CLANG_ENABLE_OBJC_ARC = YES;
				CLANG_WARN_BOOL_CONVERSION = YES;
				CLANG_WARN_CONSTANT_CONVERSION = YES;
				CLANG_WARN_DIRECT_OBJC_ISA_USAGE = YES_ERROR;
				CLANG_WARN_EMPTY_BODY = YES;
				CLANG_WARN_ENUM_CONVERSION = YES;
				CLANG_WARN_INT_CONVERSION = YES;
				CLANG_WARN_OBJC_ROOT_CLASS = YES_ERROR;
				CLANG_WARN__DUPLICATE_METHOD_MATCH = YES;
				"CODE_SIGN_IDENTITY[sdk=iphoneos*]" = "iPhone Developer";
				COPY_PHASE_STRIP = NO;
				GCC_C_LANGUAGE_STANDARD = gnu99;
				GCC_DYNAMIC_NO_PIC = NO;
				GCC_OPTIMIZATION_LEVEL = 0;
				GCC_PREPROCESSOR_DEFINITIONS = (
					"DEBUG=1",
					"$(inherited)",
				);
				GCC_SYMBOLS_PRIVATE_EXTERN = NO;
				GCC_WARN_64_TO_32_BIT_CONVERSION = YES;
				GCC_WARN_ABOUT_RETURN_TYPE = YES_ERROR;
				GCC_WARN_UNDECLARED_SELECTOR = YES;
				GCC_WARN_UNINITIALIZED_AUTOS = YES_AGGRESSIVE;
				GCC_WARN_UNUSED_FUNCTION = YES;
				GCC_WARN_UNUSED_VARIABLE = YES;
				IPHONEOS_DEPLOYMENT_TARGET = 7.1;
				ONLY_ACTIVE_ARCH = YES;
				SDKROOT = iphoneos;
				TARGETED_DEVICE_FAMILY = "1,2";
			};
			name = Debug;
		};
		3F83C61318E4DE3100EB5346 /* Release */ = {
			isa = XCBuildConfiguration;
			buildSettings = {
				ALWAYS_SEARCH_USER_PATHS = NO;
				CLANG_CXX_LANGUAGE_STANDARD = "gnu++0x";
				CLANG_CXX_LIBRARY = "libc++";
				CLANG_ENABLE_MODULES = YES;
				CLANG_ENABLE_OBJC_ARC = YES;
				CLANG_WARN_BOOL_CONVERSION = YES;
				CLANG_WARN_CONSTANT_CONVERSION = YES;
				CLANG_WARN_DIRECT_OBJC_ISA_USAGE = YES_ERROR;
				CLANG_WARN_EMPTY_BODY = YES;
				CLANG_WARN_ENUM_CONVERSION = YES;
				CLANG_WARN_INT_CONVERSION = YES;
				CLANG_WARN_OBJC_ROOT_CLASS = YES_ERROR;
				CLANG_WARN__DUPLICATE_METHOD_MATCH = YES;
				"CODE_SIGN_IDENTITY[sdk=iphoneos*]" = "iPhone Developer";
				COPY_PHASE_STRIP = YES;
				ENABLE_NS_ASSERTIONS = NO;
				GCC_C_LANGUAGE_STANDARD = gnu99;
				GCC_WARN_64_TO_32_BIT_CONVERSION = YES;
				GCC_WARN_ABOUT_RETURN_TYPE = YES_ERROR;
				GCC_WARN_UNDECLARED_SELECTOR = YES;
				GCC_WARN_UNINITIALIZED_AUTOS = YES_AGGRESSIVE;
				GCC_WARN_UNUSED_FUNCTION = YES;
				GCC_WARN_UNUSED_VARIABLE = YES;
				IPHONEOS_DEPLOYMENT_TARGET = 7.1;
				SDKROOT = iphoneos;
				TARGETED_DEVICE_FAMILY = "1,2";
				VALIDATE_PRODUCT = YES;
			};
			name = Release;
		};
		3F83C61518E4DE3100EB5346 /* Debug */ = {
			isa = XCBuildConfiguration;
			baseConfigurationReference = 5001213B4A394B5DA6B6DE6B /* Pods-TweaksBuildConfigurationsDemo.xcconfig */;
			buildSettings = {
				ASSETCATALOG_COMPILER_APPICON_NAME = AppIcon;
				ASSETCATALOG_COMPILER_LAUNCHIMAGE_NAME = LaunchImage;
				GCC_PRECOMPILE_PREFIX_HEADER = YES;
				GCC_PREFIX_HEADER = "TweaksBuildConfigurationsDemo/TweaksBuildConfigurationsDemo-Prefix.pch";
				INFOPLIST_FILE = "TweaksBuildConfigurationsDemo/TweaksBuildConfigurationsDemo-Info.plist";
				PRODUCT_NAME = "$(TARGET_NAME)";
				WRAPPER_EXTENSION = app;
			};
			name = Debug;
		};
		3F83C61618E4DE3100EB5346 /* Release */ = {
			isa = XCBuildConfiguration;
			baseConfigurationReference = 5001213B4A394B5DA6B6DE6B /* Pods-TweaksBuildConfigurationsDemo.xcconfig */;
			buildSettings = {
				ASSETCATALOG_COMPILER_APPICON_NAME = AppIcon;
				ASSETCATALOG_COMPILER_LAUNCHIMAGE_NAME = LaunchImage;
				GCC_PRECOMPILE_PREFIX_HEADER = YES;
				GCC_PREFIX_HEADER = "TweaksBuildConfigurationsDemo/TweaksBuildConfigurationsDemo-Prefix.pch";
				INFOPLIST_FILE = "TweaksBuildConfigurationsDemo/TweaksBuildConfigurationsDemo-Info.plist";
				PRODUCT_NAME = "$(TARGET_NAME)";
				WRAPPER_EXTENSION = app;
			};
			name = Release;
		};
		3F83C61818E4DE3100EB5346 /* Debug */ = {
			isa = XCBuildConfiguration;
			buildSettings = {
				BUNDLE_LOADER = "$(BUILT_PRODUCTS_DIR)/TweaksBuildConfigurationsDemo.app/TweaksBuildConfigurationsDemo";
				FRAMEWORK_SEARCH_PATHS = (
					"$(SDKROOT)/Developer/Library/Frameworks",
					"$(inherited)",
					"$(DEVELOPER_FRAMEWORKS_DIR)",
				);
				GCC_PRECOMPILE_PREFIX_HEADER = YES;
				GCC_PREFIX_HEADER = "TweaksBuildConfigurationsDemo/TweaksBuildConfigurationsDemo-Prefix.pch";
				GCC_PREPROCESSOR_DEFINITIONS = (
					"DEBUG=1",
					"$(inherited)",
				);
				INFOPLIST_FILE = "TweaksBuildConfigurationsDemoTests/TweaksBuildConfigurationsDemoTests-Info.plist";
				PRODUCT_NAME = "$(TARGET_NAME)";
				TEST_HOST = "$(BUNDLE_LOADER)";
				WRAPPER_EXTENSION = xctest;
			};
			name = Debug;
		};
		3F83C61918E4DE3100EB5346 /* Release */ = {
			isa = XCBuildConfiguration;
			buildSettings = {
				BUNDLE_LOADER = "$(BUILT_PRODUCTS_DIR)/TweaksBuildConfigurationsDemo.app/TweaksBuildConfigurationsDemo";
				FRAMEWORK_SEARCH_PATHS = (
					"$(SDKROOT)/Developer/Library/Frameworks",
					"$(inherited)",
					"$(DEVELOPER_FRAMEWORKS_DIR)",
				);
				GCC_PRECOMPILE_PREFIX_HEADER = YES;
				GCC_PREFIX_HEADER = "TweaksBuildConfigurationsDemo/TweaksBuildConfigurationsDemo-Prefix.pch";
				INFOPLIST_FILE = "TweaksBuildConfigurationsDemoTests/TweaksBuildConfigurationsDemoTests-Info.plist";
				PRODUCT_NAME = "$(TARGET_NAME)";
				TEST_HOST = "$(BUNDLE_LOADER)";
				WRAPPER_EXTENSION = xctest;
			};
			name = Release;
		};
/* End XCBuildConfiguration section */

/* Begin XCConfigurationList section */
		3F83C5E318E4DE3100EB5346 /* Build configuration list for PBXProject "TweaksBuildConfigurationsDemo" */ = {
			isa = XCConfigurationList;
			buildConfigurations = (
				3F83C61218E4DE3100EB5346 /* Debug */,
				3F27756B18E4E09F001B598E /* Beta */,
				3F83C61318E4DE3100EB5346 /* Release */,
			);
			defaultConfigurationIsVisible = 0;
			defaultConfigurationName = Release;
		};
		3F83C61418E4DE3100EB5346 /* Build configuration list for PBXNativeTarget "TweaksBuildConfigurationsDemo" */ = {
			isa = XCConfigurationList;
			buildConfigurations = (
				3F83C61518E4DE3100EB5346 /* Debug */,
				3F27756C18E4E09F001B598E /* Beta */,
				3F83C61618E4DE3100EB5346 /* Release */,
			);
			defaultConfigurationIsVisible = 0;
			defaultConfigurationName = Release;
		};
		3F83C61718E4DE3100EB5346 /* Build configuration list for PBXNativeTarget "TweaksBuildConfigurationsDemoTests" */ = {
			isa = XCConfigurationList;
			buildConfigurations = (
				3F83C61818E4DE3100EB5346 /* Debug */,
				3F27756D18E4E09F001B598E /* Beta */,
				3F83C61918E4DE3100EB5346 /* Release */,
			);
			defaultConfigurationIsVisible = 0;
			defaultConfigurationName = Release;
		};
/* End XCConfigurationList section */
	};
	rootObject = 3F83C5E018E4DE3100EB5346 /* Project object */;
}
